
Microsoft Visual Studio Solution File, Format Version 12.00
# Visual Studio Version 16
VisualStudioVersion = 16.0.33027.164
MinimumVisualStudioVersion = 10.0.40219.1
Project("{FAE04EC0-301F-11D3-BF4B-00C04F79EFBC}") = "Exercise_3", "Exercise_3\Exercise_3.csproj", "{B4738EA4-C158-485F-8B8E-1778E56E173C}"
EndProject
Global
	GlobalSection(SolutionConfigurationPlatforms) = preSolution
		Debug|Any CPU = Debug|Any CPU
		Release|Any CPU = Release|Any CPU
	EndGlobalSection
	GlobalSection(ProjectConfigurationPlatforms) = postSolution
		{B4738EA4-C158-485F-8B8E-1778E56E173C}.Debug|Any CPU.ActiveCfg = Debug|Any CPU
		{B4738EA4-C158-485F-8B8E-1778E56E173C}.Debug|Any CPU.Build.0 = Debug|Any CPU
		{B4738EA4-C158-485F-8B8E-1778E56E173C}.Release|Any CPU.ActiveCfg = Release|Any CPU
		{B4738EA4-C158-485F-8B8E-1778E56E173C}.Release|Any CPU.Build.0 = Release|Any CPU
	EndGlobalSection
	GlobalSection(SolutionProperties) = preSolution
		HideSolutionNode = FALSE
	EndGlobalSection
	GlobalSection(ExtensibilityGlobals) = postSolution
		SolutionGuid = {F6EC5E20-9412-46BC-9449-9D5FDFBCFB35}
	EndGlobalSection
EndGlobal
